<?xml version="1.0" encoding="utf-8"?>
<Project ToolsVersion="4.0" xmlns="http://schemas.microsoft.com/developer/msbuild/2003">
  <ItemGroup>
    <ClCompile Include="main.cpp" />
    <ClCompile Include="Program.cpp" />
    <ClCompile Include="..\ext\glad\src\glad.c">
      <Filter>ext</Filter>
    </ClCompile>
    <ClCompile Include="GLSL.cpp" />
    <ClCompile Include="WindowManager.cpp" />
    <ClCompile Include="Shape.cpp" />
    <ClCompile Include="MatrixStack.cpp" />
  </ItemGroup>
  <ItemGroup>
    <ClInclude Include="Program.h" />
    <ClInclude Include="GLSL.h" />
    <ClInclude Include="WindowManager.h" />
    <ClInclude Include="Shape.h" />
    <ClInclude Include="tiny_obj_loader.h">
      <Filter>ext</Filter>
    </ClInclude>
    <ClInclude Include="MatrixStack.h" />
    <ClInclude Include="camera.h" />
  </ItemGroup>
  <ItemGroup>
    <Filter Include="ext">
      <UniqueIdentifier>{a1735e5b-c01d-45eb-b937-869f0ba27591}</UniqueIdentifier>
    </Filter>
    <Filter Include="shader">
      <UniqueIdentifier>{399d2af1-ef05-4790-9786-102bae27c440}</UniqueIdentifier>
    </Filter>
  </ItemGroup>
  <ItemGroup>
    <None Include="..\resources\deferred_frag.glsl">
      <Filter>shader</Filter>
    </None>
    <None Include="..\resources\deferred_vert.glsl">
      <Filter>shader</Filter>
    </None>
    <None Include="..\resources\mouse_frag.glsl">
      <Filter>shader</Filter>
    </None>
    <None Include="..\resources\mouse_vert.glsl">
      <Filter>shader</Filter>
    </None>
    <None Include="..\resources\wall_frag.glsl">
      <Filter>shader</Filter>
    </None>
    <None Include="..\resources\wall_vert.glsl">
      <Filter>shader</Filter>
    </None>
    <None Include="..\resources\raytrace_frag.glsl">
      <Filter>shader</Filter>
    </None>
    <None Include="..\resources\raytrace_vert.glsl">
      <Filter>shader</Filter>
    </None>
    <None Include="..\resources\fire.frag">
      <Filter>shader</Filter>
    </None>
    <None Include="..\resources\fire.vert">
      <Filter>shader</Filter>
    </None>
  </ItemGroup>
</Project>